
Microsoft Visual Studio Solution File, Format Version 12.00
# Visual Studio Version 17
VisualStudioVersion = 17.0.31903.59
MinimumVisualStudioVersion = 10.0.40219.1
Project("{2150E333-8FDC-42A3-9474-1A3956D46DE8}") = "src", "src", "{8F89E28A-B07B-4B95-A263-457B6B9074F5}"
EndProject
Project("{9A19103F-16F7-4668-BE54-9A1E7A4F7556}") = "Domain", "src\Domain\Domain.csproj", "{D5D29149-A974-4FD2-9981-F6E90BB0F436}"
EndProject
Project("{9A19103F-16F7-4668-BE54-9A1E7A4F7556}") = "Application", "src\Application\Application.csproj", "{728784D1-4FA7-4E05-97A1-D53381292326}"
EndProject
Project("{9A19103F-16F7-4668-BE54-9A1E7A4F7556}") = "Infrastructure", "src\Infrastructure\Infrastructure.csproj", "{BB17F86F-CD33-4747-AD50-70D84895646E}"
EndProject
Project("{9A19103F-16F7-4668-BE54-9A1E7A4F7556}") = "SharedKernel", "src\SharedKernel\SharedKernel.csproj", "{C5C804B0-E43E-4055-8DBA-2EEA66811986}"
EndProject
Project("{9A19103F-16F7-4668-BE54-9A1E7A4F7556}") = "Web.Api", "src\Web.Api\Web.Api.csproj", "{AF7A8A58-9DC5-455C-B813-F38BEEF956B2}"
EndProject
Project("{2150E333-8FDC-42A3-9474-1A3956D46DE8}") = "Solution Items", "Solution Items", "{D3DD4CAB-3B99-450A-98FC-425D8905FFE9}"
	ProjectSection(SolutionItems) = preProject
		.editorconfig = .editorconfig
		Directory.Build.props = Directory.Build.props
		Directory.Packages.props = Directory.Packages.props
	EndProjectSection
EndProject
Project("{2150E333-8FDC-42A3-9474-1A3956D46DE8}") = "tests", "tests", "{DA0DF2CD-9E31-4035-8E0A-8A7553E6EF76}"
EndProject
Project("{E53339B2-1760-4266-BCC7-CA923CBCF16C}") = "docker-compose", "docker-compose.dcproj", "{0FFE46DF-F364-450C-81E4-53E341D08873}"
EndProject
Global
	GlobalSection(SolutionConfigurationPlatforms) = preSolution
		Debug|Any CPU = Debug|Any CPU
		Release|Any CPU = Release|Any CPU
	EndGlobalSection
	GlobalSection(ProjectConfigurationPlatforms) = postSolution
		{D5D29149-A974-4FD2-9981-F6E90BB0F436}.Debug|Any CPU.ActiveCfg = Debug|Any CPU
		{D5D29149-A974-4FD2-9981-F6E90BB0F436}.Debug|Any CPU.Build.0 = Debug|Any CPU
		{D5D29149-A974-4FD2-9981-F6E90BB0F436}.Release|Any CPU.ActiveCfg = Release|Any CPU
		{D5D29149-A974-4FD2-9981-F6E90BB0F436}.Release|Any CPU.Build.0 = Release|Any CPU
		{728784D1-4FA7-4E05-97A1-D53381292326}.Debug|Any CPU.ActiveCfg = Debug|Any CPU
		{728784D1-4FA7-4E05-97A1-D53381292326}.Debug|Any CPU.Build.0 = Debug|Any CPU
		{728784D1-4FA7-4E05-97A1-D53381292326}.Release|Any CPU.ActiveCfg = Release|Any CPU
		{728784D1-4FA7-4E05-97A1-D53381292326}.Release|Any CPU.Build.0 = Release|Any CPU
		{BB17F86F-CD33-4747-AD50-70D84895646E}.Debug|Any CPU.ActiveCfg = Debug|Any CPU
		{BB17F86F-CD33-4747-AD50-70D84895646E}.Debug|Any CPU.Build.0 = Debug|Any CPU
		{BB17F86F-CD33-4747-AD50-70D84895646E}.Release|Any CPU.ActiveCfg = Release|Any CPU
		{BB17F86F-CD33-4747-AD50-70D84895646E}.Release|Any CPU.Build.0 = Release|Any CPU
		{C5C804B0-E43E-4055-8DBA-2EEA66811986}.Debug|Any CPU.ActiveCfg = Debug|Any CPU
		{C5C804B0-E43E-4055-8DBA-2EEA66811986}.Debug|Any CPU.Build.0 = Debug|Any CPU
		{C5C804B0-E43E-4055-8DBA-2EEA66811986}.Release|Any CPU.ActiveCfg = Release|Any CPU
		{C5C804B0-E43E-4055-8DBA-2EEA66811986}.Release|Any CPU.Build.0 = Release|Any CPU
		{AF7A8A58-9DC5-455C-B813-F38BEEF956B2}.Debug|Any CPU.ActiveCfg = Debug|Any CPU
		{AF7A8A58-9DC5-455C-B813-F38BEEF956B2}.Debug|Any CPU.Build.0 = Debug|Any CPU
		{AF7A8A58-9DC5-455C-B813-F38BEEF956B2}.Release|Any CPU.ActiveCfg = Release|Any CPU
		{AF7A8A58-9DC5-455C-B813-F38BEEF956B2}.Release|Any CPU.Build.0 = Release|Any CPU
		{0FFE46DF-F364-450C-81E4-53E341D08873}.Debug|Any CPU.ActiveCfg = Debug|Any CPU
		{0FFE46DF-F364-450C-81E4-53E341D08873}.Debug|Any CPU.Build.0 = Debug|Any CPU
		{0FFE46DF-F364-450C-81E4-53E341D08873}.Release|Any CPU.ActiveCfg = Release|Any CPU
		{0FFE46DF-F364-450C-81E4-53E341D08873}.Release|Any CPU.Build.0 = Release|Any CPU
	EndGlobalSection
	GlobalSection(SolutionProperties) = preSolution
		HideSolutionNode = FALSE
	EndGlobalSection
	GlobalSection(NestedProjects) = preSolution
		{D5D29149-A974-4FD2-9981-F6E90BB0F436} = {8F89E28A-B07B-4B95-A263-457B6B9074F5}
		{728784D1-4FA7-4E05-97A1-D53381292326} = {8F89E28A-B07B-4B95-A263-457B6B9074F5}
		{BB17F86F-CD33-4747-AD50-70D84895646E} = {8F89E28A-B07B-4B95-A263-457B6B9074F5}
		{C5C804B0-E43E-4055-8DBA-2EEA66811986} = {8F89E28A-B07B-4B95-A263-457B6B9074F5}
		{AF7A8A58-9DC5-455C-B813-F38BEEF956B2} = {8F89E28A-B07B-4B95-A263-457B6B9074F5}
	EndGlobalSection
EndGlobal
