
Microsoft Visual Studio Solution File, Format Version 12.00
# Visual Studio Version 17
VisualStudioVersion = 17.0.31903.59
MinimumVisualStudioVersion = 10.0.40219.1
Project("{2150E333-8FDC-42A3-9474-1A3956D46DE8}") = "src", "src", "{8CD69A13-0DD8-4F79-8F19-80D7FCC9528E}"
EndProject
Project("{9A19103F-16F7-4668-BE54-9A1E7A4F7556}") = "UzbekCuisines.Domain", "src\UzbekCuisines.Domain\UzbekCuisines.Domain.csproj", "{2C6F60F2-B6B9-4674-A197-0888844C8C54}"
EndProject
Project("{9A19103F-16F7-4668-BE54-9A1E7A4F7556}") = "UzbekCuisines.Persistence", "src\UzbekCuisines.Persistence\UzbekCuisines.Persistence.csproj", "{E4B2AE90-F6E2-43DA-8C04-F22E51D8EE16}"
EndProject
Project("{9A19103F-16F7-4668-BE54-9A1E7A4F7556}") = "UzbekCuisines.Application", "src\UzbekCuisines.Application\UzbekCuisines.Application.csproj", "{1B1A1E73-7D6A-4F9B-89BB-FA60C4568948}"
EndProject
Global
	GlobalSection(SolutionConfigurationPlatforms) = preSolution
		Debug|Any CPU = Debug|Any CPU
		Release|Any CPU = Release|Any CPU
	EndGlobalSection
	GlobalSection(ProjectConfigurationPlatforms) = postSolution
		{2C6F60F2-B6B9-4674-A197-0888844C8C54}.Debug|Any CPU.ActiveCfg = Debug|Any CPU
		{2C6F60F2-B6B9-4674-A197-0888844C8C54}.Debug|Any CPU.Build.0 = Debug|Any CPU
		{2C6F60F2-B6B9-4674-A197-0888844C8C54}.Release|Any CPU.ActiveCfg = Release|Any CPU
		{2C6F60F2-B6B9-4674-A197-0888844C8C54}.Release|Any CPU.Build.0 = Release|Any CPU
		{E4B2AE90-F6E2-43DA-8C04-F22E51D8EE16}.Debug|Any CPU.ActiveCfg = Debug|Any CPU
		{E4B2AE90-F6E2-43DA-8C04-F22E51D8EE16}.Debug|Any CPU.Build.0 = Debug|Any CPU
		{E4B2AE90-F6E2-43DA-8C04-F22E51D8EE16}.Release|Any CPU.ActiveCfg = Release|Any CPU
		{E4B2AE90-F6E2-43DA-8C04-F22E51D8EE16}.Release|Any CPU.Build.0 = Release|Any CPU
		{1B1A1E73-7D6A-4F9B-89BB-FA60C4568948}.Debug|Any CPU.ActiveCfg = Debug|Any CPU
		{1B1A1E73-7D6A-4F9B-89BB-FA60C4568948}.Debug|Any CPU.Build.0 = Debug|Any CPU
		{1B1A1E73-7D6A-4F9B-89BB-FA60C4568948}.Release|Any CPU.ActiveCfg = Release|Any CPU
		{1B1A1E73-7D6A-4F9B-89BB-FA60C4568948}.Release|Any CPU.Build.0 = Release|Any CPU
	EndGlobalSection
	GlobalSection(SolutionProperties) = preSolution
		HideSolutionNode = FALSE
	EndGlobalSection
	GlobalSection(NestedProjects) = preSolution
		{2C6F60F2-B6B9-4674-A197-0888844C8C54} = {8CD69A13-0DD8-4F79-8F19-80D7FCC9528E}
		{E4B2AE90-F6E2-43DA-8C04-F22E51D8EE16} = {8CD69A13-0DD8-4F79-8F19-80D7FCC9528E}
		{1B1A1E73-7D6A-4F9B-89BB-FA60C4568948} = {8CD69A13-0DD8-4F79-8F19-80D7FCC9528E}
	EndGlobalSection
	GlobalSection(ExtensibilityGlobals) = postSolution
		SolutionGuid = {735AEFA3-9862-42FE-8FAB-894106060CB9}
	EndGlobalSection
EndGlobal
